// !$*UTF8*$!
{
	archiveVersion = 1;
	classes = {
	};
	objectVersion = 46;
	objects = {

/* Begin PBXBuildFile section */
		4DF2181A1B5CD5EA008B4916 /* main.m in Sources */ = {isa = PBXBuildFile; fileRef = 4DF218191B5CD5EA008B4916 /* main.m */; };
		4DF2181D1B5CD5EA008B4916 /* AppDelegate.m in Sources */ = {isa = PBXBuildFile; fileRef = 4DF2181C1B5CD5EA008B4916 /* AppDelegate.m */; };
		4DF218201B5CD5EA008B4916 /* ViewController.m in Sources */ = {isa = PBXBuildFile; fileRef = 4DF2181F1B5CD5EA008B4916 /* ViewController.m */; };
		4DF218231B5CD5EA008B4916 /* Main.storyboard in Resources */ = {isa = PBXBuildFile; fileRef = 4DF218211B5CD5EA008B4916 /* Main.storyboard */; };
		4DF218251B5CD5EA008B4916 /* Images.xcassets in Resources */ = {isa = PBXBuildFile; fileRef = 4DF218241B5CD5EA008B4916 /* Images.xcassets */; };
		4DF218281B5CD5EA008B4916 /* LaunchScreen.xib in Resources */ = {isa = PBXBuildFile; fileRef = 4DF218261B5CD5EA008B4916 /* LaunchScreen.xib */; };
		4DF218341B5CD5EA008B4916 /* demo1Tests.m in Sources */ = {isa = PBXBuildFile; fileRef = 4DF218331B5CD5EA008B4916 /* demo1Tests.m */; };
/* End PBXBuildFile section */

/* Begin PBXContainerItemProxy section */
		4DF2182E1B5CD5EA008B4916 /* PBXContainerItemProxy */ = {
			isa = PBXContainerItemProxy;
			containerPortal = 4DF2180C1B5CD5EA008B4916 /* Project object */;
			proxyType = 1;
			remoteGlobalIDString = 4DF218131B5CD5EA008B4916;
			remoteInfo = demo1;
		};
/* End PBXContainerItemProxy section */

/* Begin PBXFileReference section */
		4DF218141B5CD5EA008B4916 /* demo1.app */ = {isa = PBXFileReference; explicitFileType = wrapper.application; includeInIndex = 0; path = demo1.app; sourceTree = BUILT_PRODUCTS_DIR; };
		4DF218181B5CD5EA008B4916 /* Info.plist */ = {isa = PBXFileReference; lastKnownFileType = text.plist.xml; path = Info.plist; sourceTree = "<group>"; };
		4DF218191B5CD5EA008B4916 /* main.m */ = {isa = PBXFileReference; lastKnownFileType = sourcecode.c.objc; path = main.m; sourceTree = "<group>"; };
		4DF2181B1B5CD5EA008B4916 /* AppDelegate.h */ = {isa = PBXFileReference; lastKnownFileType = sourcecode.c.h; path = AppDelegate.h; sourceTree = "<group>"; };
		4DF2181C1B5CD5EA008B4916 /* AppDelegate.m */ = {isa = PBXFileReference; lastKnownFileType = sourcecode.c.objc; path = AppDelegate.m; sourceTree = "<group>"; };
		4DF2181E1B5CD5EA008B4916 /* ViewController.h */ = {isa = PBXFileReference; lastKnownFileType = sourcecode.c.h; path = ViewController.h; sourceTree = "<group>"; };
		4DF2181F1B5CD5EA008B4916 /* ViewController.m */ = {isa = PBXFileReference; lastKnownFileType = sourcecode.c.objc; path = ViewController.m; sourceTree = "<group>"; };
		4DF218221B5CD5EA008B4916 /* Base */ = {isa = PBXFileReference; lastKnownFileType = file.storyboard; name = Base; path = Base.lproj/Main.storyboard; sourceTree = "<group>"; };
		4DF218241B5CD5EA008B4916 /* Images.xcassets */ = {isa = PBXFileReference; lastKnownFileType = folder.assetcatalog; path = Images.xcassets; sourceTree = "<group>"; };
		4DF218271B5CD5EA008B4916 /* Base */ = {isa = PBXFileReference; lastKnownFileType = file.xib; name = Base; path = Base.lproj/LaunchScreen.xib; sourceTree = "<group>"; };
		4DF2182D1B5CD5EA008B4916 /* demo1Tests.xctest */ = {isa = PBXFileReference; explicitFileType = wrapper.cfbundle; includeInIndex = 0; path = demo1Tests.xctest; sourceTree = BUILT_PRODUCTS_DIR; };
		4DF218321B5CD5EA008B4916 /* Info.plist */ = {isa = PBXFileReference; lastKnownFileType = text.plist.xml; path = Info.plist; sourceTree = "<group>"; };
		4DF218331B5CD5EA008B4916 /* demo1Tests.m */ = {isa = PBXFileReference; lastKnownFileType = sourcecode.c.objc; path = demo1Tests.m; sourceTree = "<group>"; };
/* End PBXFileReference section */

/* Begin PBXFrameworksBuildPhase section */
		4DF218111B5CD5EA008B4916 /* Frameworks */ = {
			isa = PBXFrameworksBuildPhase;
			buildActionMask = 2147483647;
			files = (
			);
			runOnlyForDeploymentPostprocessing = 0;
		};
		4DF2182A1B5CD5EA008B4916 /* Frameworks */ = {
			isa = PBXFrameworksBuildPhase;
			buildActionMask = 2147483647;
			files = (
			);
			runOnlyForDeploymentPostprocessing = 0;
		};
/* End PBXFrameworksBuildPhase section */

/* Begin PBXGroup section */
		4DF2180B1B5CD5EA008B4916 = {
			isa = PBXGroup;
			children = (
				4DF218161B5CD5EA008B4916 /* demo1 */,
				4DF218301B5CD5EA008B4916 /* demo1Tests */,
				4DF218151B5CD5EA008B4916 /* Products */,
			);
			sourceTree = "<group>";
		};
		4DF218151B5CD5EA008B4916 /* Products */ = {
			isa = PBXGroup;
			children = (
				4DF218141B5CD5EA008B4916 /* demo1.app */,
				4DF2182D1B5CD5EA008B4916 /* demo1Tests.xctest */,
			);
			name = Products;
			sourceTree = "<group>";
		};
		4DF218161B5CD5EA008B4916 /* demo1 */ = {
			isa = PBXGroup;
			children = (
				4DF2181B1B5CD5EA008B4916 /* AppDelegate.h */,
				4DF2181C1B5CD5EA008B4916 /* AppDelegate.m */,
				4DF2181E1B5CD5EA008B4916 /* ViewController.h */,
				4DF2181F1B5CD5EA008B4916 /* ViewController.m */,
				4DF218211B5CD5EA008B4916 /* Main.storyboard */,
				4DF218241B5CD5EA008B4916 /* Images.xcassets */,
				4DF218261B5CD5EA008B4916 /* LaunchScreen.xib */,
				4DF218171B5CD5EA008B4916 /* Supporting Files */,
			);
			path = demo1;
			sourceTree = "<group>";
		};
		4DF218171B5CD5EA008B4916 /* Supporting Files */ = {
			isa = PBXGroup;
			children = (
				4DF218181B5CD5EA008B4916 /* Info.plist */,
				4DF218191B5CD5EA008B4916 /* main.m */,
			);
			name = "Supporting Files";
			sourceTree = "<group>";
		};
		4DF218301B5CD5EA008B4916 /* demo1Tests */ = {
			isa = PBXGroup;
			children = (
				4DF218331B5CD5EA008B4916 /* demo1Tests.m */,
				4DF218311B5CD5EA008B4916 /* Supporting Files */,
			);
			path = demo1Tests;
			sourceTree = "<group>";
		};
		4DF218311B5CD5EA008B4916 /* Supporting Files */ = {
			isa = PBXGroup;
			children = (
				4DF218321B5CD5EA008B4916 /* Info.plist */,
			);
			name = "Supporting Files";
			sourceTree = "<group>";
		};
/* End PBXGroup section */

/* Begin PBXNativeTarget section */
		4DF218131B5CD5EA008B4916 /* demo1 */ = {
			isa = PBXNativeTarget;
			buildConfigurationList = 4DF218371B5CD5EA008B4916 /* Build configuration list for PBXNativeTarget "demo1" */;
			buildPhases = (
				4DF218101B5CD5EA008B4916 /* Sources */,
				4DF218111B5CD5EA008B4916 /* Frameworks */,
				4DF218121B5CD5EA008B4916 /* Resources */,
			);
			buildRules = (
			);
			dependencies = (
			);
			name = demo1;
			productName = demo1;
			productReference = 4DF218141B5CD5EA008B4916 /* demo1.app */;
			productType = "com.apple.product-type.application";
		};
		4DF2182C1B5CD5EA008B4916 /* demo1Tests */ = {
			isa = PBXNativeTarget;
			buildConfigurationList = 4DF2183A1B5CD5EA008B4916 /* Build configuration list for PBXNativeTarget "demo1Tests" */;
			buildPhases = (
				4DF218291B5CD5EA008B4916 /* Sources */,
				4DF2182A1B5CD5EA008B4916 /* Frameworks */,
				4DF2182B1B5CD5EA008B4916 /* Resources */,
			);
			buildRules = (
			);
			dependencies = (
				4DF2182F1B5CD5EA008B4916 /* PBXTargetDependency */,
			);
			name = demo1Tests;
			productName = demo1Tests;
			productReference = 4DF2182D1B5CD5EA008B4916 /* demo1Tests.xctest */;
			productType = "com.apple.product-type.bundle.unit-test";
		};
/* End PBXNativeTarget section */

/* Begin PBXProject section */
		4DF2180C1B5CD5EA008B4916 /* Project object */ = {
			isa = PBXProject;
			attributes = {
				LastUpgradeCheck = 0630;
				ORGANIZATIONNAME = "张宇亮";
				TargetAttributes = {
					4DF218131B5CD5EA008B4916 = {
						CreatedOnToolsVersion = 6.3;
					};
					4DF2182C1B5CD5EA008B4916 = {
						CreatedOnToolsVersion = 6.3;
						TestTargetID = 4DF218131B5CD5EA008B4916;
					};
				};
			};
			buildConfigurationList = 4DF2180F1B5CD5EA008B4916 /* Build configuration list for PBXProject "demo1" */;
			compatibilityVersion = "Xcode 3.2";
			developmentRegion = English;
			hasScannedForEncodings = 0;
			knownRegions = (
				en,
				Base,
			);
			mainGroup = 4DF2180B1B5CD5EA008B4916;
			productRefGroup = 4DF218151B5CD5EA008B4916 /* Products */;
			projectDirPath = "";
			projectRoot = "";
			targets = (
				4DF218131B5CD5EA008B4916 /* demo1 */,
				4DF2182C1B5CD5EA008B4916 /* demo1Tests */,
			);
		};
/* End PBXProject section */

/* Begin PBXResourcesBuildPhase section */
		4DF218121B5CD5EA008B4916 /* Resources */ = {
			isa = PBXResourcesBuildPhase;
			buildActionMask = 2147483647;
			files = (
				4DF218231B5CD5EA008B4916 /* Main.storyboard in Resources */,
				4DF218281B5CD5EA008B4916 /* LaunchScreen.xib in Resources */,
				4DF218251B5CD5EA008B4916 /* Images.xcassets in Resources */,
			);
			runOnlyForDeploymentPostprocessing = 0;
		};
		4DF2182B1B5CD5EA008B4916 /* Resources */ = {
			isa = PBXResourcesBuildPhase;
			buildActionMask = 2147483647;
			files = (
			);
			runOnlyForDeploymentPostprocessing = 0;
		};
/* End PBXResourcesBuildPhase section */

/* Begin PBXSourcesBuildPhase section */
		4DF218101B5CD5EA008B4916 /* Sources */ = {
			isa = PBXSourcesBuildPhase;
			buildActionMask = 2147483647;
			files = (
				4DF218201B5CD5EA008B4916 /* ViewController.m in Sources */,
				4DF2181D1B5CD5EA008B4916 /* AppDelegate.m in Sources */,
				4DF2181A1B5CD5EA008B4916 /* main.m in Sources */,
			);
			runOnlyForDeploymentPostprocessing = 0;
		};
		4DF218291B5CD5EA008B4916 /* Sources */ = {
			isa = PBXSourcesBuildPhase;
			buildActionMask = 2147483647;
			files = (
				4DF218341B5CD5EA008B4916 /* demo1Tests.m in Sources */,
			);
			runOnlyForDeploymentPostprocessing = 0;
		};
/* End PBXSourcesBuildPhase section */

/* Begin PBXTargetDependency section */
		4DF2182F1B5CD5EA008B4916 /* PBXTargetDependency */ = {
			isa = PBXTargetDependency;
			target = 4DF218131B5CD5EA008B4916 /* demo1 */;
			targetProxy = 4DF2182E1B5CD5EA008B4916 /* PBXContainerItemProxy */;
		};
/* End PBXTargetDependency section */

/* Begin PBXVariantGroup section */
		4DF218211B5CD5EA008B4916 /* Main.storyboard */ = {
			isa = PBXVariantGroup;
			children = (
				4DF218221B5CD5EA008B4916 /* Base */,
			);
			name = Main.storyboard;
			sourceTree = "<group>";
		};
		4DF218261B5CD5EA008B4916 /* LaunchScreen.xib */ = {
			isa = PBXVariantGroup;
			children = (
				4DF218271B5CD5EA008B4916 /* Base */,
			);
			name = LaunchScreen.xib;
			sourceTree = "<group>";
		};
/* End PBXVariantGroup section */

/* Begin XCBuildConfiguration section */
		4DF218351B5CD5EA008B4916 /* Debug */ = {
			isa = XCBuildConfiguration;
			buildSettings = {
				ALWAYS_SEARCH_USER_PATHS = NO;
				CLANG_CXX_LANGUAGE_STANDARD = "gnu++0x";
				CLANG_CXX_LIBRARY = "libc++";
				CLANG_ENABLE_MODULES = YES;
				CLANG_ENABLE_OBJC_ARC = YES;
				CLANG_WARN_BOOL_CONVERSION = YES;
				CLANG_WARN_CONSTANT_CONVERSION = YES;
				CLANG_WARN_DIRECT_OBJC_ISA_USAGE = YES_ERROR;
				CLANG_WARN_EMPTY_BODY = YES;
				CLANG_WARN_ENUM_CONVERSION = YES;
				CLANG_WARN_INT_CONVERSION = YES;
				CLANG_WARN_OBJC_ROOT_CLASS = YES_ERROR;
				CLANG_WARN_UNREACHABLE_CODE = YES;
				CLANG_WARN__DUPLICATE_METHOD_MATCH = YES;
				"CODE_SIGN_IDENTITY[sdk=iphoneos*]" = "iPhone Developer";
				COPY_PHASE_STRIP = NO;
				DEBUG_INFORMATION_FORMAT = "dwarf-with-dsym";
				ENABLE_STRICT_OBJC_MSGSEND = YES;
				GCC_C_LANGUAGE_STANDARD = gnu99;
				GCC_DYNAMIC_NO_PIC = NO;
				GCC_NO_COMMON_BLOCKS = YES;
				GCC_OPTIMIZATION_LEVEL = 0;
				GCC_PREPROCESSOR_DEFINITIONS = (
					"DEBUG=1",
					"$(inherited)",
				);
				GCC_SYMBOLS_PRIVATE_EXTERN = NO;
				GCC_WARN_64_TO_32_BIT_CONVERSION = YES;
				GCC_WARN_ABOUT_RETURN_TYPE = YES_ERROR;
				GCC_WARN_UNDECLARED_SELECTOR = YES;
				GCC_WARN_UNINITIALIZED_AUTOS = YES_AGGRESSIVE;
				GCC_WARN_UNUSED_FUNCTION = YES;
				GCC_WARN_UNUSED_VARIABLE = YES;
				IPHONEOS_DEPLOYMENT_TARGET = 8.3;
				MTL_ENABLE_DEBUG_INFO = YES;
				ONLY_ACTIVE_ARCH = YES;
				SDKROOT = iphoneos;
			};
			name = Debug;
		};
		4DF218361B5CD5EA008B4916 /* Release */ = {
			isa = XCBuildConfiguration;
			buildSettings = {
				ALWAYS_SEARCH_USER_PATHS = NO;
				CLANG_CXX_LANGUAGE_STANDARD = "gnu++0x";
				CLANG_CXX_LIBRARY = "libc++";
				CLANG_ENABLE_MODULES = YES;
				CLANG_ENABLE_OBJC_ARC = YES;
				CLANG_WARN_BOOL_CONVERSION = YES;
				CLANG_WARN_CONSTANT_CONVERSION = YES;
				CLANG_WARN_DIRECT_OBJC_ISA_USAGE = YES_ERROR;
				CLANG_WARN_EMPTY_BODY = YES;
				CLANG_WARN_ENUM_CONVERSION = YES;
				CLANG_WARN_INT_CONVERSION = YES;
				CLANG_WARN_OBJC_ROOT_CLASS = YES_ERROR;
				CLANG_WARN_UNREACHABLE_CODE = YES;
				CLANG_WARN__DUPLICATE_METHOD_MATCH = YES;
				"CODE_SIGN_IDENTITY[sdk=iphoneos*]" = "iPhone Developer";
				COPY_PHASE_STRIP = NO;
				DEBUG_INFORMATION_FORMAT = "dwarf-with-dsym";
				ENABLE_NS_ASSERTIONS = NO;
				ENABLE_STRICT_OBJC_MSGSEND = YES;
				GCC_C_LANGUAGE_STANDARD = gnu99;
				GCC_NO_COMMON_BLOCKS = YES;
				GCC_WARN_64_TO_32_BIT_CONVERSION = YES;
				GCC_WARN_ABOUT_RETURN_TYPE = YES_ERROR;
				GCC_WARN_UNDECLARED_SELECTOR = YES;
				GCC_WARN_UNINITIALIZED_AUTOS = YES_AGGRESSIVE;
				GCC_WARN_UNUSED_FUNCTION = YES;
				GCC_WARN_UNUSED_VARIABLE = YES;
				IPHONEOS_DEPLOYMENT_TARGET = 8.3;
				MTL_ENABLE_DEBUG_INFO = NO;
				SDKROOT = iphoneos;
				VALIDATE_PRODUCT = YES;
			};
			name = Release;
		};
		4DF218381B5CD5EA008B4916 /* Debug */ = {
			isa = XCBuildConfiguration;
			buildSettings = {
				ASSETCATALOG_COMPILER_APPICON_NAME = AppIcon;
				INFOPLIST_FILE = demo1/Info.plist;
				LD_RUNPATH_SEARCH_PATHS = "$(inherited) @executable_path/Frameworks";
				PRODUCT_NAME = "$(TARGET_NAME)";
			};
			name = Debug;
		};
		4DF218391B5CD5EA008B4916 /* Release */ = {
			isa = XCBuildConfiguration;
			buildSettings = {
				ASSETCATALOG_COMPILER_APPICON_NAME = AppIcon;
				INFOPLIST_FILE = demo1/Info.plist;
				LD_RUNPATH_SEARCH_PATHS = "$(inherited) @executable_path/Frameworks";
				PRODUCT_NAME = "$(TARGET_NAME)";
			};
			name = Release;
		};
		4DF2183B1B5CD5EA008B4916 /* Debug */ = {
			isa = XCBuildConfiguration;
			buildSettings = {
				BUNDLE_LOADER = "$(TEST_HOST)";
				FRAMEWORK_SEARCH_PATHS = (
					"$(SDKROOT)/Developer/Library/Frameworks",
					"$(inherited)",
				);
				GCC_PREPROCESSOR_DEFINITIONS = (
					"DEBUG=1",
					"$(inherited)",
				);
				INFOPLIST_FILE = demo1Tests/Info.plist;
				LD_RUNPATH_SEARCH_PATHS = "$(inherited) @executable_path/Frameworks @loader_path/Frameworks";
				PRODUCT_NAME = "$(TARGET_NAME)";
				TEST_HOST = "$(BUILT_PRODUCTS_DIR)/demo1.app/demo1";
			};
			name = Debug;
		};
		4DF2183C1B5CD5EA008B4916 /* Release */ = {
			isa = XCBuildConfiguration;
			buildSettings = {
				BUNDLE_LOADER = "$(TEST_HOST)";
				FRAMEWORK_SEARCH_PATHS = (
					"$(SDKROOT)/Developer/Library/Frameworks",
					"$(inherited)",
				);
				INFOPLIST_FILE = demo1Tests/Info.plist;
				LD_RUNPATH_SEARCH_PATHS = "$(inherited) @executable_path/Frameworks @loader_path/Frameworks";
				PRODUCT_NAME = "$(TARGET_NAME)";
				TEST_HOST = "$(BUILT_PRODUCTS_DIR)/demo1.app/demo1";
			};
			name = Release;
		};
/* End XCBuildConfiguration section */

/* Begin XCConfigurationList section */
		4DF2180F1B5CD5EA008B4916 /* Build configuration list for PBXProject "demo1" */ = {
			isa = XCConfigurationList;
			buildConfigurations = (
				4DF218351B5CD5EA008B4916 /* Debug */,
				4DF218361B5CD5EA008B4916 /* Release */,
			);
			defaultConfigurationIsVisible = 0;
			defaultConfigurationName = Release;
		};
		4DF218371B5CD5EA008B4916 /* Build configuration list for PBXNativeTarget "demo1" */ = {
			isa = XCConfigurationList;
			buildConfigurations = (
				4DF218381B5CD5EA008B4916 /* Debug */,
				4DF218391B5CD5EA008B4916 /* Release */,
			);
			defaultConfigurationIsVisible = 0;
		};
		4DF2183A1B5CD5EA008B4916 /* Build configuration list for PBXNativeTarget "demo1Tests" */ = {
			isa = XCConfigurationList;
			buildConfigurations = (
				4DF2183B1B5CD5EA008B4916 /* Debug */,
				4DF2183C1B5CD5EA008B4916 /* Release */,
			);
			defaultConfigurationIsVisible = 0;
		};
/* End XCConfigurationList section */
	};
	rootObject = 4DF2180C1B5CD5EA008B4916 /* Project object */;
}
